
Microsoft Visual Studio Solution File, Format Version 12.00
# Visual Studio Version 17
VisualStudioVersion = 17.1.32328.378
MinimumVisualStudioVersion = 10.0.40219.1
Project("{FAE04EC0-301F-11D3-BF4B-00C04F79EFBC}") = "FoodApi", "FoodApi.csproj", "{A0FE8144-9C5E-4958-B932-A12ABA050510}"
EndProject
Global
	GlobalSection(SolutionConfigurationPlatforms) = preSolution
		Debug|Any CPU = Debug|Any CPU
		Release|Any CPU = Release|Any CPU
	EndGlobalSection
	GlobalSection(ProjectConfigurationPlatforms) = postSolution
		{A0FE8144-9C5E-4958-B932-A12ABA050510}.Debug|Any CPU.ActiveCfg = Debug|Any CPU
		{A0FE8144-9C5E-4958-B932-A12ABA050510}.Debug|Any CPU.Build.0 = Debug|Any CPU
		{A0FE8144-9C5E-4958-B932-A12ABA050510}.Release|Any CPU.ActiveCfg = Release|Any CPU
		{A0FE8144-9C5E-4958-B932-A12ABA050510}.Release|Any CPU.Build.0 = Release|Any CPU
	EndGlobalSection
	GlobalSection(SolutionProperties) = preSolution
		HideSolutionNode = FALSE
	EndGlobalSection
	GlobalSection(ExtensibilityGlobals) = postSolution
		SolutionGuid = {5AD307CB-8880-43B9-B7BD-8A7E22D6F5E1}
	EndGlobalSection
EndGlobal
